// !$*UTF8*$!
{
	archiveVersion = 1;
	classes = {
	};
	objectVersion = 90;
	objects = {

/* Begin PBXBuildFile section */
		175D1F882FA364810054C52E /* MessageBubble.swift in Sources */ = {isa = PBXBuildFile; fileRef = 175D1F872FA364810054C52E /* MessageBubble.swift */; };
		175D1F8B2FA367440054C52E /* Message.swift in Sources */ = {isa = PBXBuildFile; fileRef = 175D1F8A2FA367440054C52E /* Message.swift */; };
		176AF7E32F9FDF1F00F1999D /* MESSApp.swift in Sources */ = {isa = PBXBuildFile; fileRef = 176AF7E22F9FDF1F00F1999D /* MESSApp.swift */; };
		176AF7E52F9FDF1F00F1999D /* ContentView.swift in Sources */ = {isa = PBXBuildFile; fileRef = 176AF7E42F9FDF1F00F1999D /* ContentView.swift */; };
		176AF7E72F9FDF2100F1999D /* Assets.xcassets in Resources */ = {isa = PBXBuildFile; fileRef = 176AF7E62F9FDF2100F1999D /* Assets.xcassets */; };
		176AF7EA2F9FDF2100F1999D /* Preview Assets.xcassets in Resources */ = {isa = PBXBuildFile; fileRef = 176AF7E92F9FDF2100F1999D /* Preview Assets.xcassets */; };
		176AF7F42F9FDF2200F1999D /* MESSTests.swift in Sources */ = {isa = PBXBuildFile; fileRef = 176AF7F32F9FDF2200F1999D /* MESSTests.swift */; };
		176AF7FE2F9FDF2200F1999D /* MESSUITests.swift in Sources */ = {isa = PBXBuildFile; fileRef = 176AF7FD2F9FDF2200F1999D /* MESSUITests.swift */; };
		176AF8002F9FDF2200F1999D /* MESSUITestsLaunchTests.swift in Sources */ = {isa = PBXBuildFile; fileRef = 176AF7FF2F9FDF2200F1999D /* MESSUITestsLaunchTests.swift */; };
		1785FCAC2FA07BA200F536E9 /* Untitled.swift in Sources */ = {isa = PBXBuildFile; fileRef = 1785FCAB2FA07BA100F536E9 /* Untitled.swift */; };
		1785FCAF2FA07BBB00F536E9 /* .gitignore in Resources */ = {isa = PBXBuildFile; fileRef = 1785FCAE2FA07BBB00F536E9 /* .gitignore */; };
		1785FCB52FA0917100F536E9 /* TitleRow.swift in Sources */ = {isa = PBXBuildFile; fileRef = 1785FCB42FA0917100F536E9 /* TitleRow.swift */; };
		178CA9222FA373E000F4E529 /* MessageField.swift in Sources */ = {isa = PBXBuildFile; fileRef = 178CA9212FA373E000F4E529 /* MessageField.swift */; };
		178CA9242FA37A3500F4E529 /* Extensions.swift in Sources */ = {isa = PBXBuildFile; fileRef = 178CA9232FA37A3500F4E529 /* Extensions.swift */; };
/* End PBXBuildFile section */

/* Begin PBXContainerItemProxy section */
		176AF7F02F9FDF2200F1999D /* PBXContainerItemProxy */ = {
			isa = PBXContainerItemProxy;
			containerPortal = 176AF7D72F9FDF1F00F1999D /* Project object */;
			proxyType = 1;
			remoteGlobalIDString = 176AF7DE2F9FDF1F00F1999D;
			remoteInfo = MESS;
		};
		176AF7FA2F9FDF2200F1999D /* PBXContainerItemProxy */ = {
			isa = PBXContainerItemProxy;
			containerPortal = 176AF7D72F9FDF1F00F1999D /* Project object */;
			proxyType = 1;
			remoteGlobalIDString = 176AF7DE2F9FDF1F00F1999D;
			remoteInfo = MESS;
		};
/* End PBXContainerItemProxy section */

/* Begin PBXFileReference section */
		175D1F872FA364810054C52E /* MessageBubble.swift */ = {isa = PBXFileReference; lastKnownFileType = sourcecode.swift; path = MessageBubble.swift; sourceTree = "<group>"; };
		175D1F8A2FA367440054C52E /* Message.swift */ = {isa = PBXFileReference; lastKnownFileType = sourcecode.swift; path = Message.swift; sourceTree = "<group>"; };
		176AF7DF2F9FDF1F00F1999D /* MESS.app */ = {isa = PBXFileReference; explicitFileType = wrapper.application; includeInIndex = 0; path = MESS.app; sourceTree = BUILT_PRODUCTS_DIR; };
		176AF7E22F9FDF1F00F1999D /* MESSApp.swift */ = {isa = PBXFileReference; lastKnownFileType = sourcecode.swift; path = MESSApp.swift; sourceTree = "<group>"; };
		176AF7E42F9FDF1F00F1999D /* ContentView.swift */ = {isa = PBXFileReference; lastKnownFileType = sourcecode.swift; path = ContentView.swift; sourceTree = "<group>"; };
		176AF7E62F9FDF2100F1999D /* Assets.xcassets */ = {isa = PBXFileReference; lastKnownFileType = folder.assetcatalog; path = Assets.xcassets; sourceTree = "<group>"; };
		176AF7E92F9FDF2100F1999D /* Preview Assets.xcassets */ = {isa = PBXFileReference; lastKnownFileType = folder.assetcatalog; path = "Preview Assets.xcassets"; sourceTree = "<group>"; };
		176AF7EF2F9FDF2200F1999D /* MESSTests.xctest */ = {isa = PBXFileReference; explicitFileType = wrapper.cfbundle; includeInIndex = 0; path = MESSTests.xctest; sourceTree = BUILT_PRODUCTS_DIR; };
		176AF7F32F9FDF2200F1999D /* MESSTests.swift */ = {isa = PBXFileReference; lastKnownFileType = sourcecode.swift; path = MESSTests.swift; sourceTree = "<group>"; };
		176AF7F92F9FDF2200F1999D /* MESSUITests.xctest */ = {isa = PBXFileReference; explicitFileType = wrapper.cfbundle; includeInIndex = 0; path = MESSUITests.xctest; sourceTree = BUILT_PRODUCTS_DIR; };
		176AF7FD2F9FDF2200F1999D /* MESSUITests.swift */ = {isa = PBXFileReference; lastKnownFileType = sourcecode.swift; path = MESSUITests.swift; sourceTree = "<group>"; };
		176AF7FF2F9FDF2200F1999D /* MESSUITestsLaunchTests.swift */ = {isa = PBXFileReference; lastKnownFileType = sourcecode.swift; path = MESSUITestsLaunchTests.swift; sourceTree = "<group>"; };
		1785FCAB2FA07BA100F536E9 /* Untitled.swift */ = {isa = PBXFileReference; lastKnownFileType = sourcecode.swift; path = Untitled.swift; sourceTree = "<group>"; };
		1785FCAE2FA07BBB00F536E9 /* .gitignore */ = {isa = PBXFileReference; lastKnownFileType = text; path = .gitignore; sourceTree = "<group>"; };
		1785FCB42FA0917100F536E9 /* TitleRow.swift */ = {isa = PBXFileReference; lastKnownFileType = sourcecode.swift; path = TitleRow.swift; sourceTree = "<group>"; };
		178CA9212FA373E000F4E529 /* MessageField.swift */ = {isa = PBXFileReference; lastKnownFileType = sourcecode.swift; path = MessageField.swift; sourceTree = "<group>"; };
		178CA9232FA37A3500F4E529 /* Extensions.swift */ = {isa = PBXFileReference; lastKnownFileType = sourcecode.swift; path = Extensions.swift; sourceTree = "<group>"; };
/* End PBXFileReference section */

/* Begin PBXFrameworksBuildPhase section */
		176AF7DC2F9FDF1F00F1999D /* Frameworks */ = {
			isa = PBXFrameworksBuildPhase;
			files = (
			);
		};
		176AF7EC2F9FDF2200F1999D /* Frameworks */ = {
			isa = PBXFrameworksBuildPhase;
			files = (
			);
		};
		176AF7F62F9FDF2200F1999D /* Frameworks */ = {
			isa = PBXFrameworksBuildPhase;
			files = (
			);
		};
/* End PBXFrameworksBuildPhase section */

/* Begin PBXGroup section */
		175D1F892FA3672F0054C52E /* Models */ = {
			isa = PBXGroup;
			children = (
				175D1F8A2FA367440054C52E /* Message.swift */,
			);
			path = Models;
			sourceTree = "<group>";
		};
		176AF7D62F9FDF1F00F1999D = {
			isa = PBXGroup;
			children = (
				176AF7E12F9FDF1F00F1999D /* MESS */,
				176AF7F22F9FDF2200F1999D /* MESSTests */,
				176AF7FC2F9FDF2200F1999D /* MESSUITests */,
				176AF7E02F9FDF1F00F1999D /* Products */,
				1785FCAE2FA07BBB00F536E9 /* .gitignore */,
			);
			sourceTree = "<group>";
		};
		176AF7E02F9FDF1F00F1999D /* Products */ = {
			isa = PBXGroup;
			children = (
				176AF7DF2F9FDF1F00F1999D /* MESS.app */,
				176AF7EF2F9FDF2200F1999D /* MESSTests.xctest */,
				176AF7F92F9FDF2200F1999D /* MESSUITests.xctest */,
			);
			name = Products;
			sourceTree = "<group>";
		};
		176AF7E12F9FDF1F00F1999D /* MESS */ = {
			isa = PBXGroup;
			children = (
				176AF7E22F9FDF1F00F1999D /* MESSApp.swift */,
				176AF7E42F9FDF1F00F1999D /* ContentView.swift */,
				1785FCAB2FA07BA100F536E9 /* Untitled.swift */,
				175D1F892FA3672F0054C52E /* Models */,
				1785FCB12FA0913200F536E9 /* Components */,
				176AF7E62F9FDF2100F1999D /* Assets.xcassets */,
				176AF7E82F9FDF2100F1999D /* Preview Content */,
				178CA9232FA37A3500F4E529 /* Extensions.swift */,
			);
			path = MESS;
			sourceTree = "<group>";
		};
		176AF7E82F9FDF2100F1999D /* Preview Content */ = {
			isa = PBXGroup;
			children = (
				176AF7E92F9FDF2100F1999D /* Preview Assets.xcassets */,
			);
			path = "Preview Content";
			sourceTree = "<group>";
		};
		176AF7F22F9FDF2200F1999D /* MESSTests */ = {
			isa = PBXGroup;
			children = (
				176AF7F32F9FDF2200F1999D /* MESSTests.swift */,
			);
			path = MESSTests;
			sourceTree = "<group>";
		};
		176AF7FC2F9FDF2200F1999D /* MESSUITests */ = {
			isa = PBXGroup;
			children = (
				176AF7FD2F9FDF2200F1999D /* MESSUITests.swift */,
				176AF7FF2F9FDF2200F1999D /* MESSUITestsLaunchTests.swift */,
			);
			path = MESSUITests;
			sourceTree = "<group>";
		};
		1785FCB12FA0913200F536E9 /* Components */ = {
			isa = PBXGroup;
			children = (
				1785FCB42FA0917100F536E9 /* TitleRow.swift */,
				175D1F872FA364810054C52E /* MessageBubble.swift */,
				178CA9212FA373E000F4E529 /* MessageField.swift */,
			);
			path = Components;
			sourceTree = "<group>";
		};
/* End PBXGroup section */

/* Begin PBXNativeTarget section */
		176AF7DE2F9FDF1F00F1999D /* MESS */ = {
			isa = PBXNativeTarget;
			buildConfigurationList = 176AF8032F9FDF2200F1999D /* Build configuration list for PBXNativeTarget "MESS" */;
			buildPhases = (
				176AF7DB2F9FDF1F00F1999D /* Sources */,
				176AF7DC2F9FDF1F00F1999D /* Frameworks */,
				176AF7DD2F9FDF1F00F1999D /* Resources */,
			);
			buildRules = (
			);
			name = MESS;
			productName = MESS;
			productReference = 176AF7DF2F9FDF1F00F1999D /* MESS.app */;
			productType = "com.apple.product-type.application";
		};
		176AF7EE2F9FDF2200F1999D /* MESSTests */ = {
			isa = PBXNativeTarget;
			buildConfigurationList = 176AF8062F9FDF2200F1999D /* Build configuration list for PBXNativeTarget "MESSTests" */;
			buildPhases = (
				176AF7EB2F9FDF2200F1999D /* Sources */,
				176AF7EC2F9FDF2200F1999D /* Frameworks */,
				176AF7ED2F9FDF2200F1999D /* Resources */,
			);
			buildRules = (
			);
			dependencies = (
				176AF7F12F9FDF2200F1999D /* PBXTargetDependency */,
			);
			name = MESSTests;
			productName = MESSTests;
			productReference = 176AF7EF2F9FDF2200F1999D /* MESSTests.xctest */;
			productType = "com.apple.product-type.bundle.unit-test";
		};
		176AF7F82F9FDF2200F1999D /* MESSUITests */ = {
			isa = PBXNativeTarget;
			buildConfigurationList = 176AF8092F9FDF2200F1999D /* Build configuration list for PBXNativeTarget "MESSUITests" */;
			buildPhases = (
				176AF7F52F9FDF2200F1999D /* Sources */,
				176AF7F62F9FDF2200F1999D /* Frameworks */,
				176AF7F72F9FDF2200F1999D /* Resources */,
			);
			buildRules = (
			);
			dependencies = (
				176AF7FB2F9FDF2200F1999D /* PBXTargetDependency */,
			);
			name = MESSUITests;
			productName = MESSUITests;
			productReference = 176AF7F92F9FDF2200F1999D /* MESSUITests.xctest */;
			productType = "com.apple.product-type.bundle.ui-testing";
		};
/* End PBXNativeTarget section */

/* Begin PBXProject section */
		176AF7D72F9FDF1F00F1999D /* Project object */ = {
			isa = PBXProject;
			attributes = {
				BuildIndependentTargetsInParallel = 1;
				LastSwiftUpdateCheck = 1540;
				LastUpgradeCheck = 2630;
				TargetAttributes = {
					176AF7DE2F9FDF1F00F1999D = {
						CreatedOnToolsVersion = 15.4;
					};
					176AF7EE2F9FDF2200F1999D = {
						CreatedOnToolsVersion = 15.4;
						TestTargetID = 176AF7DE2F9FDF1F00F1999D;
					};
					176AF7F82F9FDF2200F1999D = {
						CreatedOnToolsVersion = 15.4;
						TestTargetID = 176AF7DE2F9FDF1F00F1999D;
					};
				};
			};
			buildConfigurationList = 176AF7DA2F9FDF1F00F1999D /* Build configuration list for PBXProject "MESS" */;
			developmentRegion = en;
			hasScannedForEncodings = 0;
			knownRegions = (
				en,
				Base,
			);
			mainGroup = 176AF7D62F9FDF1F00F1999D;
			preferredProjectObjectVersion = 90;
			productRefGroup = 176AF7E02F9FDF1F00F1999D /* Products */;
			projectDirPath = "";
			projectRoot = "";
			targets = (
				176AF7DE2F9FDF1F00F1999D /* MESS */,
				176AF7EE2F9FDF2200F1999D /* MESSTests */,
				176AF7F82F9FDF2200F1999D /* MESSUITests */,
			);
		};
/* End PBXProject section */

/* Begin PBXResourcesBuildPhase section */
		176AF7DD2F9FDF1F00F1999D /* Resources */ = {
			isa = PBXResourcesBuildPhase;
			files = (
				176AF7EA2F9FDF2100F1999D /* Preview Assets.xcassets in Resources */,
				176AF7E72F9FDF2100F1999D /* Assets.xcassets in Resources */,
				1785FCAF2FA07BBB00F536E9 /* .gitignore in Resources */,
			);
		};
		176AF7ED2F9FDF2200F1999D /* Resources */ = {
			isa = PBXResourcesBuildPhase;
			files = (
			);
		};
		176AF7F72F9FDF2200F1999D /* Resources */ = {
			isa = PBXResourcesBuildPhase;
			files = (
			);
		};
/* End PBXResourcesBuildPhase section */

/* Begin PBXSourcesBuildPhase section */
		176AF7DB2F9FDF1F00F1999D /* Sources */ = {
			isa = PBXSourcesBuildPhase;
			files = (
				1785FCAC2FA07BA200F536E9 /* Untitled.swift in Sources */,
				176AF7E52F9FDF1F00F1999D /* ContentView.swift in Sources */,
				175D1F882FA364810054C52E /* MessageBubble.swift in Sources */,
				178CA9242FA37A3500F4E529 /* Extensions.swift in Sources */,
				178CA9222FA373E000F4E529 /* MessageField.swift in Sources */,
				175D1F8B2FA367440054C52E /* Message.swift in Sources */,
				176AF7E32F9FDF1F00F1999D /* MESSApp.swift in Sources */,
				1785FCB52FA0917100F536E9 /* TitleRow.swift in Sources */,
			);
		};
		176AF7EB2F9FDF2200F1999D /* Sources */ = {
			isa = PBXSourcesBuildPhase;
			files = (
				176AF7F42F9FDF2200F1999D /* MESSTests.swift in Sources */,
			);
		};
		176AF7F52F9FDF2200F1999D /* Sources */ = {
			isa = PBXSourcesBuildPhase;
			files = (
				176AF8002F9FDF2200F1999D /* MESSUITestsLaunchTests.swift in Sources */,
				176AF7FE2F9FDF2200F1999D /* MESSUITests.swift in Sources */,
			);
		};
/* End PBXSourcesBuildPhase section */

/* Begin PBXTargetDependency section */
		176AF7F12F9FDF2200F1999D /* PBXTargetDependency */ = {
			isa = PBXTargetDependency;
			target = 176AF7DE2F9FDF1F00F1999D /* MESS */;
			targetProxy = 176AF7F02F9FDF2200F1999D /* PBXContainerItemProxy */;
		};
		176AF7FB2F9FDF2200F1999D /* PBXTargetDependency */ = {
			isa = PBXTargetDependency;
			target = 176AF7DE2F9FDF1F00F1999D /* MESS */;
			targetProxy = 176AF7FA2F9FDF2200F1999D /* PBXContainerItemProxy */;
		};
/* End PBXTargetDependency section */

/* Begin XCBuildConfiguration section */
		176AF8012F9FDF2200F1999D /* Debug configuration for PBXProject "MESS" */ = {
			isa = XCBuildConfiguration;
			buildSettings = {
				ALWAYS_SEARCH_USER_PATHS = NO;
				ASSETCATALOG_COMPILER_GENERATE_SWIFT_ASSET_SYMBOL_EXTENSIONS = YES;
				CLANG_ANALYZER_NONNULL = YES;
				CLANG_ANALYZER_NUMBER_OBJECT_CONVERSION = YES_AGGRESSIVE;
				CLANG_CXX_LANGUAGE_STANDARD = "gnu++20";
				CLANG_ENABLE_MODULES = YES;
				CLANG_ENABLE_OBJC_ARC = YES;
				CLANG_ENABLE_OBJC_WEAK = YES;
				CLANG_WARN_BLOCK_CAPTURE_AUTORELEASING = YES;
				CLANG_WARN_BOOL_CONVERSION = YES;
				CLANG_WARN_COMMA = YES;
				CLANG_WARN_CONSTANT_CONVERSION = YES;
				CLANG_WARN_DEPRECATED_OBJC_IMPLEMENTATIONS = YES;
				CLANG_WARN_DIRECT_OBJC_ISA_USAGE = YES_ERROR;
				CLANG_WARN_DOCUMENTATION_COMMENTS = YES;
				CLANG_WARN_EMPTY_BODY = YES;
				CLANG_WARN_ENUM_CONVERSION = YES;
				CLANG_WARN_INFINITE_RECURSION = YES;
				CLANG_WARN_INT_CONVERSION = YES;
				CLANG_WARN_NON_LITERAL_NULL_CONVERSION = YES;
				CLANG_WARN_OBJC_IMPLICIT_RETAIN_SELF = YES;
				CLANG_WARN_OBJC_LITERAL_CONVERSION = YES;
				CLANG_WARN_OBJC_ROOT_CLASS = YES_ERROR;
				CLANG_WARN_QUOTED_INCLUDE_IN_FRAMEWORK_HEADER = YES;
				CLANG_WARN_RANGE_LOOP_ANALYSIS = YES;
				CLANG_WARN_STRICT_PROTOTYPES = YES;
				CLANG_WARN_SUSPICIOUS_MOVE = YES;
				CLANG_WARN_UNGUARDED_AVAILABILITY = YES_AGGRESSIVE;
				CLANG_WARN_UNREACHABLE_CODE = YES;
				CLANG_WARN__DUPLICATE_METHOD_MATCH = YES;
				COPY_PHASE_STRIP = NO;
				DEBUG_INFORMATION_FORMAT = dwarf;
				ENABLE_STRICT_OBJC_MSGSEND = YES;
				ENABLE_TESTABILITY = YES;
				ENABLE_USER_SCRIPT_SANDBOXING = YES;
				GCC_C_LANGUAGE_STANDARD = gnu17;
				GCC_DYNAMIC_NO_PIC = NO;
				GCC_NO_COMMON_BLOCKS = YES;
				GCC_OPTIMIZATION_LEVEL = 0;
				GCC_PREPROCESSOR_DEFINITIONS = (
					"DEBUG=1",
					"$(inherited)",
				);
				GCC_WARN_64_TO_32_BIT_CONVERSION = YES;
				GCC_WARN_ABOUT_RETURN_TYPE = YES_ERROR;
				GCC_WARN_UNDECLARED_SELECTOR = YES;
				GCC_WARN_UNINITIALIZED_AUTOS = YES_AGGRESSIVE;
				GCC_WARN_UNUSED_FUNCTION = YES;
				GCC_WARN_UNUSED_VARIABLE = YES;
				IPHONEOS_DEPLOYMENT_TARGET = 17.5;
				LOCALIZATION_PREFERS_STRING_CATALOGS = YES;
				MTL_ENABLE_DEBUG_INFO = INCLUDE_SOURCE;
				MTL_FAST_MATH = YES;
				ONLY_ACTIVE_ARCH = YES;
				SDKROOT = iphoneos;
				STRING_CATALOG_GENERATE_SYMBOLS = YES;
				SWIFT_ACTIVE_COMPILATION_CONDITIONS = "DEBUG $(inherited)";
				SWIFT_OPTIMIZATION_LEVEL = "-Onone";
			};
			name = Debug;
		};
		176AF8022F9FDF2200F1999D /* Release configuration for PBXProject "MESS" */ = {
			isa = XCBuildConfiguration;
			buildSettings = {
				ALWAYS_SEARCH_USER_PATHS = NO;
				ASSETCATALOG_COMPILER_GENERATE_SWIFT_ASSET_SYMBOL_EXTENSIONS = YES;
				CLANG_ANALYZER_NONNULL = YES;
				CLANG_ANALYZER_NUMBER_OBJECT_CONVERSION = YES_AGGRESSIVE;
				CLANG_CXX_LANGUAGE_STANDARD = "gnu++20";
				CLANG_ENABLE_MODULES = YES;
				CLANG_ENABLE_OBJC_ARC = YES;
				CLANG_ENABLE_OBJC_WEAK = YES;
				CLANG_WARN_BLOCK_CAPTURE_AUTORELEASING = YES;
				CLANG_WARN_BOOL_CONVERSION = YES;
				CLANG_WARN_COMMA = YES;
				CLANG_WARN_CONSTANT_CONVERSION = YES;
				CLANG_WARN_DEPRECATED_OBJC_IMPLEMENTATIONS = YES;
				CLANG_WARN_DIRECT_OBJC_ISA_USAGE = YES_ERROR;
				CLANG_WARN_DOCUMENTATION_COMMENTS = YES;
				CLANG_WARN_EMPTY_BODY = YES;
				CLANG_WARN_ENUM_CONVERSION = YES;
				CLANG_WARN_INFINITE_RECURSION = YES;
				CLANG_WARN_INT_CONVERSION = YES;
				CLANG_WARN_NON_LITERAL_NULL_CONVERSION = YES;
				CLANG_WARN_OBJC_IMPLICIT_RETAIN_SELF = YES;
				CLANG_WARN_OBJC_LITERAL_CONVERSION = YES;
				CLANG_WARN_OBJC_ROOT_CLASS = YES_ERROR;
				CLANG_WARN_QUOTED_INCLUDE_IN_FRAMEWORK_HEADER = YES;
				CLANG_WARN_RANGE_LOOP_ANALYSIS = YES;
				CLANG_WARN_STRICT_PROTOTYPES = YES;
				CLANG_WARN_SUSPICIOUS_MOVE = YES;
				CLANG_WARN_UNGUARDED_AVAILABILITY = YES_AGGRESSIVE;
				CLANG_WARN_UNREACHABLE_CODE = YES;
				CLANG_WARN__DUPLICATE_METHOD_MATCH = YES;
				COPY_PHASE_STRIP = NO;
				DEBUG_INFORMATION_FORMAT = "dwarf-with-dsym";
				ENABLE_NS_ASSERTIONS = NO;
				ENABLE_STRICT_OBJC_MSGSEND = YES;
				ENABLE_USER_SCRIPT_SANDBOXING = YES;
				GCC_C_LANGUAGE_STANDARD = gnu17;
				GCC_NO_COMMON_BLOCKS = YES;
				GCC_WARN_64_TO_32_BIT_CONVERSION = YES;
				GCC_WARN_ABOUT_RETURN_TYPE = YES_ERROR;
				GCC_WARN_UNDECLARED_SELECTOR = YES;
				GCC_WARN_UNINITIALIZED_AUTOS = YES_AGGRESSIVE;
				GCC_WARN_UNUSED_FUNCTION = YES;
				GCC_WARN_UNUSED_VARIABLE = YES;
				IPHONEOS_DEPLOYMENT_TARGET = 17.5;
				LOCALIZATION_PREFERS_STRING_CATALOGS = YES;
				MTL_ENABLE_DEBUG_INFO = NO;
				MTL_FAST_MATH = YES;
				SDKROOT = iphoneos;
				STRING_CATALOG_GENERATE_SYMBOLS = YES;
				SWIFT_COMPILATION_MODE = wholemodule;
				VALIDATE_PRODUCT = YES;
			};
			name = Release;
		};
		176AF8042F9FDF2200F1999D /* Debug configuration for PBXNativeTarget "MESS" */ = {
			isa = XCBuildConfiguration;
			buildSettings = {
				ASSETCATALOG_COMPILER_APPICON_NAME = AppIcon;
				ASSETCATALOG_COMPILER_GLOBAL_ACCENT_COLOR_NAME = AccentColor;
				CODE_SIGN_IDENTITY = "Apple Development";
				CODE_SIGN_STYLE = Automatic;
				CURRENT_PROJECT_VERSION = 1;
				DEVELOPMENT_ASSET_PATHS = "\"MESS/Preview Content\"";
				DEVELOPMENT_TEAM = T37Z2VL76A;
				ENABLE_PREVIEWS = YES;
				GENERATE_INFOPLIST_FILE = YES;
				INFOPLIST_KEY_CFBundleDisplayName = MESS;
				INFOPLIST_KEY_LSApplicationCategoryType = "public.app-category.social-networking";
				INFOPLIST_KEY_UIApplicationSceneManifest_Generation = YES;
				INFOPLIST_KEY_UIApplicationSupportsIndirectInputEvents = YES;
				INFOPLIST_KEY_UILaunchScreen_Generation = YES;
				INFOPLIST_KEY_UISupportedInterfaceOrientations = "UIInterfaceOrientationLandscapeLeft UIInterfaceOrientationLandscapeRight UIInterfaceOrientationPortrait UIInterfaceOrientationPortraitUpsideDown";
				IPHONEOS_DEPLOYMENT_TARGET = 15.6;
				LD_RUNPATH_SEARCH_PATHS = (
					"$(inherited)",
					"@executable_path/Frameworks",
				);
				MARKETING_VERSION = "1.010-beta";
				PRODUCT_BUNDLE_IDENTIFIER = khushcodes.MESS;
				PRODUCT_NAME = "$(TARGET_NAME)";
				PROVISIONING_PROFILE_SPECIFIER = "";
				SWIFT_EMIT_LOC_STRINGS = YES;
				SWIFT_VERSION = 5.0;
				TARGETED_DEVICE_FAMILY = "1,2";
			};
			name = Debug;
		};
		176AF8052F9FDF2200F1999D /* Release configuration for PBXNativeTarget "MESS" */ = {
			isa = XCBuildConfiguration;
			buildSettings = {
				ASSETCATALOG_COMPILER_APPICON_NAME = AppIcon;
				ASSETCATALOG_COMPILER_GLOBAL_ACCENT_COLOR_NAME = AccentColor;
				CODE_SIGN_IDENTITY = "Apple Development";
				CODE_SIGN_STYLE = Automatic;
				CURRENT_PROJECT_VERSION = 1;
				DEVELOPMENT_ASSET_PATHS = "\"MESS/Preview Content\"";
				DEVELOPMENT_TEAM = T37Z2VL76A;
				ENABLE_PREVIEWS = YES;
				GENERATE_INFOPLIST_FILE = YES;
				INFOPLIST_KEY_CFBundleDisplayName = MESS;
				INFOPLIST_KEY_LSApplicationCategoryType = "public.app-category.social-networking";
				INFOPLIST_KEY_UIApplicationSceneManifest_Generation = YES;
				INFOPLIST_KEY_UIApplicationSupportsIndirectInputEvents = YES;
				INFOPLIST_KEY_UILaunchScreen_Generation = YES;
				INFOPLIST_KEY_UISupportedInterfaceOrientations = "UIInterfaceOrientationLandscapeLeft UIInterfaceOrientationLandscapeRight UIInterfaceOrientationPortrait UIInterfaceOrientationPortraitUpsideDown";
				IPHONEOS_DEPLOYMENT_TARGET = 15.6;
				LD_RUNPATH_SEARCH_PATHS = (
					"$(inherited)",
					"@executable_path/Frameworks",
				);
				MARKETING_VERSION = "1.010-beta";
				PRODUCT_BUNDLE_IDENTIFIER = khushcodes.MESS;
				PRODUCT_NAME = "$(TARGET_NAME)";
				PROVISIONING_PROFILE_SPECIFIER = "";
				SWIFT_EMIT_LOC_STRINGS = YES;
				SWIFT_VERSION = 5.0;
				TARGETED_DEVICE_FAMILY = "1,2";
			};
			name = Release;
		};
		176AF8072F9FDF2200F1999D /* Debug configuration for PBXNativeTarget "MESSTests" */ = {
			isa = XCBuildConfiguration;
			buildSettings = {
				BUNDLE_LOADER = "$(TEST_HOST)";
				CODE_SIGN_STYLE = Automatic;
				CURRENT_PROJECT_VERSION = 1;
				GENERATE_INFOPLIST_FILE = YES;
				IPHONEOS_DEPLOYMENT_TARGET = 17.5;
				MARKETING_VERSION = 1.0;
				PRODUCT_BUNDLE_IDENTIFIER = kaducodes.MESSTests;
				PRODUCT_NAME = "$(TARGET_NAME)";
				SWIFT_EMIT_LOC_STRINGS = NO;
				SWIFT_VERSION = 5.0;
				TARGETED_DEVICE_FAMILY = "1,2";
				TEST_HOST = "$(BUILT_PRODUCTS_DIR)/MESS.app/$(BUNDLE_EXECUTABLE_FOLDER_PATH)/MESS";
			};
			name = Debug;
		};
		176AF8082F9FDF2200F1999D /* Release configuration for PBXNativeTarget "MESSTests" */ = {
			isa = XCBuildConfiguration;
			buildSettings = {
				BUNDLE_LOADER = "$(TEST_HOST)";
				CODE_SIGN_STYLE = Automatic;
				CURRENT_PROJECT_VERSION = 1;
				GENERATE_INFOPLIST_FILE = YES;
				IPHONEOS_DEPLOYMENT_TARGET = 17.5;
				MARKETING_VERSION = 1.0;
				PRODUCT_BUNDLE_IDENTIFIER = kaducodes.MESSTests;
				PRODUCT_NAME = "$(TARGET_NAME)";
				SWIFT_EMIT_LOC_STRINGS = NO;
				SWIFT_VERSION = 5.0;
				TARGETED_DEVICE_FAMILY = "1,2";
				TEST_HOST = "$(BUILT_PRODUCTS_DIR)/MESS.app/$(BUNDLE_EXECUTABLE_FOLDER_PATH)/MESS";
			};
			name = Release;
		};
		176AF80A2F9FDF2200F1999D /* Debug configuration for PBXNativeTarget "MESSUITests" */ = {
			isa = XCBuildConfiguration;
			buildSettings = {
				CODE_SIGN_STYLE = Automatic;
				CURRENT_PROJECT_VERSION = 1;
				GENERATE_INFOPLIST_FILE = YES;
				MARKETING_VERSION = 1.0;
				PRODUCT_BUNDLE_IDENTIFIER = kaducodes.MESSUITests;
				PRODUCT_NAME = "$(TARGET_NAME)";
				SWIFT_EMIT_LOC_STRINGS = NO;
				SWIFT_VERSION = 5.0;
				TARGETED_DEVICE_FAMILY = "1,2";
				TEST_TARGET_NAME = MESS;
			};
			name = Debug;
		};
		176AF80B2F9FDF2200F1999D /* Release configuration for PBXNativeTarget "MESSUITests" */ = {
			isa = XCBuildConfiguration;
			buildSettings = {
				CODE_SIGN_STYLE = Automatic;
				CURRENT_PROJECT_VERSION = 1;
				GENERATE_INFOPLIST_FILE = YES;
				MARKETING_VERSION = 1.0;
				PRODUCT_BUNDLE_IDENTIFIER = kaducodes.MESSUITests;
				PRODUCT_NAME = "$(TARGET_NAME)";
				SWIFT_EMIT_LOC_STRINGS = NO;
				SWIFT_VERSION = 5.0;
				TARGETED_DEVICE_FAMILY = "1,2";
				TEST_TARGET_NAME = MESS;
			};
			name = Release;
		};
/* End XCBuildConfiguration section */

/* Begin XCConfigurationList section */
		176AF7DA2F9FDF1F00F1999D /* Build configuration list for PBXProject "MESS" */ = {
			isa = XCConfigurationList;
			buildConfigurations = (
				176AF8012F9FDF2200F1999D /* Debug configuration for PBXProject "MESS" */,
				176AF8022F9FDF2200F1999D /* Release configuration for PBXProject "MESS" */,
			);
			defaultConfigurationName = Release;
		};
		176AF8032F9FDF2200F1999D /* Build configuration list for PBXNativeTarget "MESS" */ = {
			isa = XCConfigurationList;
			buildConfigurations = (
				176AF8042F9FDF2200F1999D /* Debug configuration for PBXNativeTarget "MESS" */,
				176AF8052F9FDF2200F1999D /* Release configuration for PBXNativeTarget "MESS" */,
			);
			defaultConfigurationName = Release;
		};
		176AF8062F9FDF2200F1999D /* Build configuration list for PBXNativeTarget "MESSTests" */ = {
			isa = XCConfigurationList;
			buildConfigurations = (
				176AF8072F9FDF2200F1999D /* Debug configuration for PBXNativeTarget "MESSTests" */,
				176AF8082F9FDF2200F1999D /* Release configuration for PBXNativeTarget "MESSTests" */,
			);
			defaultConfigurationName = Release;
		};
		176AF8092F9FDF2200F1999D /* Build configuration list for PBXNativeTarget "MESSUITests" */ = {
			isa = XCConfigurationList;
			buildConfigurations = (
				176AF80A2F9FDF2200F1999D /* Debug configuration for PBXNativeTarget "MESSUITests" */,
				176AF80B2F9FDF2200F1999D /* Release configuration for PBXNativeTarget "MESSUITests" */,
			);
			defaultConfigurationName = Release;
		};
/* End XCConfigurationList section */
	};
	rootObject = 176AF7D72F9FDF1F00F1999D /* Project object */;
}
